Microsoft Visual Studio Solution File, Format Version 11.00
# Visual Studio 2008

Project("{FE0BEEA3-E6E8-F03C-3ABA-33D2F0B56334}") = "UnitySpoutDemo", "Assembly-CSharp-firstpass-vs.csproj", "{BA1CDBC2-D509-7D8E-9AD7-F67BBAF33000}"
EndProject
Project("{FE0BEEA3-E6E8-F03C-3ABA-33D2F0B56334}") = "UnitySpoutDemo", "Assembly-CSharp-vs.csproj", "{AFEEC74F-2336-8374-1909-C49788DECEBB}"
EndProject
Project("{FE0BEEA3-E6E8-F03C-3ABA-33D2F0B56334}") = "UnitySpoutDemo", "Assembly-CSharp-Editor-vs.csproj", "{3358737C-C28E-58D5-8638-6B9DB0F1C5E9}"
EndProject
Global
	GlobalSection(SolutionConfigurationPlatforms) = preSolution
		Debug|Any CPU = Debug|Any CPU
		Release|Any CPU = Release|Any CPU
	EndGlobalSection
	GlobalSection(ProjectConfigurationPlatforms) = postSolution
		{BA1CDBC2-D509-7D8E-9AD7-F67BBAF33000}.Debug|Any CPU.ActiveCfg = Debug|Any CPU
		{BA1CDBC2-D509-7D8E-9AD7-F67BBAF33000}.Debug|Any CPU.Build.0 = Debug|Any CPU
		{BA1CDBC2-D509-7D8E-9AD7-F67BBAF33000}.Release|Any CPU.ActiveCfg = Release|Any CPU
		{BA1CDBC2-D509-7D8E-9AD7-F67BBAF33000}.Release|Any CPU.Build.0 = Release|Any CPU
		{AFEEC74F-2336-8374-1909-C49788DECEBB}.Debug|Any CPU.ActiveCfg = Debug|Any CPU
		{AFEEC74F-2336-8374-1909-C49788DECEBB}.Debug|Any CPU.Build.0 = Debug|Any CPU
		{AFEEC74F-2336-8374-1909-C49788DECEBB}.Release|Any CPU.ActiveCfg = Release|Any CPU
		{AFEEC74F-2336-8374-1909-C49788DECEBB}.Release|Any CPU.Build.0 = Release|Any CPU
		{3358737C-C28E-58D5-8638-6B9DB0F1C5E9}.Debug|Any CPU.ActiveCfg = Debug|Any CPU
		{3358737C-C28E-58D5-8638-6B9DB0F1C5E9}.Debug|Any CPU.Build.0 = Debug|Any CPU
		{3358737C-C28E-58D5-8638-6B9DB0F1C5E9}.Release|Any CPU.ActiveCfg = Release|Any CPU
		{3358737C-C28E-58D5-8638-6B9DB0F1C5E9}.Release|Any CPU.Build.0 = Release|Any CPU
	EndGlobalSection
	GlobalSection(SolutionProperties) = preSolution
		HideSolutionNode = FALSE
	EndGlobalSection
																																																																																																																																																																																																																																																																																																																																																																																																																																																																																																																																																																																																																																																																																GlobalSection(MonoDevelopProperties) = preSolution
		StartupItem = Assembly-CSharp.csproj
		Policies = $0
		$0.TextStylePolicy = $1
		$1.inheritsSet = null
		$1.scope = text/x-csharp
		$0.CSharpFormattingPolicy = $2
		$2.inheritsSet = Mono
		$2.inheritsScope = text/x-csharp
		$2.scope = text/x-csharp
		$0.TextStylePolicy = $3
		$3.FileWidth = 120
		$3.TabWidth = 4
		$3.EolMarker = Unix
		$3.inheritsSet = Mono
		$3.inheritsScope = text/plain
		$3.scope = text/plain
	EndGlobalSection

EndGlobal
